// !$*UTF8*$!
{
	archiveVersion = 1;
	classes = {
	};
	objectVersion = 48;
	objects = {

/* Begin PBXBuildFile section */
		7315335421192AF20043E6C2 /* YGTransferDownloadBtn.m in Sources */ = {isa = PBXBuildFile; fileRef = 7315335321192AF20043E6C2 /* YGTransferDownloadBtn.m */; };
		732B81CB20FF10E8008E4C57 /* UIBarButtonItem+Extension.m in Sources */ = {isa = PBXBuildFile; fileRef = 732B81CA20FF10E8008E4C57 /* UIBarButtonItem+Extension.m */; };
		7335A0A220FD864500F5ECF5 /* YGFileModel.m in Sources */ = {isa = PBXBuildFile; fileRef = 7335A0A120FD864500F5ECF5 /* YGFileModel.m */; };
		7335A0A520FD922F00F5ECF5 /* YGFileCell.m in Sources */ = {isa = PBXBuildFile; fileRef = 7335A0A420FD922F00F5ECF5 /* YGFileCell.m */; };
		73374F8A210184B1005BA2E9 /* YGSearchField.m in Sources */ = {isa = PBXBuildFile; fileRef = 73374F89210184B1005BA2E9 /* YGSearchField.m */; };
		73374F8D2101B4E1005BA2E9 /* YGSubFileVC.m in Sources */ = {isa = PBXBuildFile; fileRef = 73374F8C2101B4E1005BA2E9 /* YGSubFileVC.m */; };
		73484D20210AF54000BA344B /* YGRepoTool.m in Sources */ = {isa = PBXBuildFile; fileRef = 73484D1F210AF54000BA344B /* YGRepoTool.m */; };
		735E268A2106B63E000DB123 /* YGFilePreviewVC.m in Sources */ = {isa = PBXBuildFile; fileRef = 735E26892106B63E000DB123 /* YGFilePreviewVC.m */; };
		73716C162105720300706C51 /* FileMimeType.plist in Resources */ = {isa = PBXBuildFile; fileRef = 73716C152105720300706C51 /* FileMimeType.plist */; };
		73716C1921059B6B00706C51 /* YGMimeType.m in Sources */ = {isa = PBXBuildFile; fileRef = 73716C1821059B6B00706C51 /* YGMimeType.m */; };
		73716C2121059C2500706C51 /* YGApiTokenTool.m in Sources */ = {isa = PBXBuildFile; fileRef = 73716C1E21059C2500706C51 /* YGApiTokenTool.m */; };
		73716C2221059C2500706C51 /* YGHttpTool.m in Sources */ = {isa = PBXBuildFile; fileRef = 73716C2021059C2500706C51 /* YGHttpTool.m */; };
		73716C2521059C4700706C51 /* YGFileTypeTool.m in Sources */ = {isa = PBXBuildFile; fileRef = 73716C2421059C4700706C51 /* YGFileTypeTool.m */; };
		73716C282105AA5400706C51 /* NSString+Extension.m in Sources */ = {isa = PBXBuildFile; fileRef = 73716C272105AA5400706C51 /* NSString+Extension.m */; };
		737FDBF120F874A600BF5090 /* UIImage+Extension.m in Sources */ = {isa = PBXBuildFile; fileRef = 737FDBF020F874A600BF5090 /* UIImage+Extension.m */; };
		73D6120821102736006F209E /* SVProgressHUD+Extension.m in Sources */ = {isa = PBXBuildFile; fileRef = 73D6120721102736006F209E /* SVProgressHUD+Extension.m */; };
		73F3E7F82117E9C80054623F /* YGDownloadListVC.m in Sources */ = {isa = PBXBuildFile; fileRef = 73F3E7F72117E9C80054623F /* YGDownloadListVC.m */; };
		73F3E7FB2117E9DB0054623F /* YGUploadListVC.m in Sources */ = {isa = PBXBuildFile; fileRef = 73F3E7FA2117E9DB0054623F /* YGUploadListVC.m */; };
		73F3E7FF211806200054623F /* YGDownloadCell.m in Sources */ = {isa = PBXBuildFile; fileRef = 73F3E7FD211806200054623F /* YGDownloadCell.m */; };
		73F3E8042118062E0054623F /* YGUploadCell.m in Sources */ = {isa = PBXBuildFile; fileRef = 73F3E8022118062E0054623F /* YGUploadCell.m */; };
		73F3E80D21181A080054623F /* YGDownloadCell.xib in Resources */ = {isa = PBXBuildFile; fileRef = 73F3E80C21181A080054623F /* YGDownloadCell.xib */; };
		73F3E816211842240054623F /* YGTransferModel.m in Sources */ = {isa = PBXBuildFile; fileRef = 73F3E815211842240054623F /* YGTransferModel.m */; };
		B6209E7E20F4EE7E0075497C /* AppDelegate.m in Sources */ = {isa = PBXBuildFile; fileRef = B6209E7D20F4EE7E0075497C /* AppDelegate.m */; };
		B6209E8620F4EE7E0075497C /* Assets.xcassets in Resources */ = {isa = PBXBuildFile; fileRef = B6209E8520F4EE7E0075497C /* Assets.xcassets */; };
		B6209E8C20F4EE7E0075497C /* main.m in Sources */ = {isa = PBXBuildFile; fileRef = B6209E8B20F4EE7E0075497C /* main.m */; };
		B63EF38D2100A50000C562DF /* YGFileBaseVC.m in Sources */ = {isa = PBXBuildFile; fileRef = B63EF38C2100A50000C562DF /* YGFileBaseVC.m */; };
		B63EF3962100D68D00C562DF /* UIButton+Extension.m in Sources */ = {isa = PBXBuildFile; fileRef = B63EF3952100D68D00C562DF /* UIButton+Extension.m */; };
		B641A1D120FDF69800FCA501 /* YGLoadingView.m in Sources */ = {isa = PBXBuildFile; fileRef = B641A1CF20FDF69700FCA501 /* YGLoadingView.m */; };
		B641A1D420FE0A0C00FCA501 /* YGActivityIndicator.m in Sources */ = {isa = PBXBuildFile; fileRef = B641A1D320FE0A0C00FCA501 /* YGActivityIndicator.m */; };
		B641A1D620FE0BB400FCA501 /* YGFileCell.xib in Resources */ = {isa = PBXBuildFile; fileRef = B641A1D520FE0BB400FCA501 /* YGFileCell.xib */; };
		B64B3FAF2121C7810066EBE8 /* YGHeaderView.m in Sources */ = {isa = PBXBuildFile; fileRef = B64B3FAE2121C7810066EBE8 /* YGHeaderView.m */; };
		B650EAA320FCCEA90025D1E0 /* YGApiToken.m in Sources */ = {isa = PBXBuildFile; fileRef = B650EAA220FCCEA90025D1E0 /* YGApiToken.m */; };
		B6595AFF2111DA9300B9D71E /* YGFileUploadView.m in Sources */ = {isa = PBXBuildFile; fileRef = B6595AFE2111DA9300B9D71E /* YGFileUploadView.m */; };
		B65DBDD72119F01800123E57 /* YGFileOperationView.m in Sources */ = {isa = PBXBuildFile; fileRef = B65DBDD62119F01800123E57 /* YGFileOperationView.m */; };
		B66644FE2110A504007F1630 /* YGNetworkFailedView.m in Sources */ = {isa = PBXBuildFile; fileRef = B66644FD2110A504007F1630 /* YGNetworkFailedView.m */; };
		B676793B20F629BC00945627 /* YGMainTabBarVC.m in Sources */ = {isa = PBXBuildFile; fileRef = B676793A20F629BC00945627 /* YGMainTabBarVC.m */; };
		B676793E20F629D900945627 /* YGMainNavVC.m in Sources */ = {isa = PBXBuildFile; fileRef = B676793D20F629D900945627 /* YGMainNavVC.m */; };
		B676794120F629F000945627 /* YGTabBar.m in Sources */ = {isa = PBXBuildFile; fileRef = B676794020F629F000945627 /* YGTabBar.m */; };
		B676794820F62B1400945627 /* YGLoginVC.m in Sources */ = {isa = PBXBuildFile; fileRef = B676794720F62B1400945627 /* YGLoginVC.m */; };
		B680BCEC20F8E7D200F8CB98 /* YGURLString.m in Sources */ = {isa = PBXBuildFile; fileRef = B680BCEB20F8E7D200F8CB98 /* YGURLString.m */; };
		B6A1E27820FA31EE009F94DF /* YGAccount.m in Sources */ = {isa = PBXBuildFile; fileRef = B6A1E27720FA31EE009F94DF /* YGAccount.m */; };
		B6A7C4F3210F561D00C0A929 /* YGAddFolderView.m in Sources */ = {isa = PBXBuildFile; fileRef = B6A7C4F2210F561D00C0A929 /* YGAddFolderView.m */; };
		B6A8E240210DBDC800E5117C /* YGFileUnableView.m in Sources */ = {isa = PBXBuildFile; fileRef = B6A8E23F210DBDC800E5117C /* YGFileUnableView.m */; };
		B6A8E243210DF39600E5117C /* YGDirTool.m in Sources */ = {isa = PBXBuildFile; fileRef = B6A8E242210DF39600E5117C /* YGDirTool.m */; };
		B6AA69EA21037B05006C1BAB /* YGFileEmptyView.m in Sources */ = {isa = PBXBuildFile; fileRef = B6AA69E921037B05006C1BAB /* YGFileEmptyView.m */; };
		B6AD7A91211735C3007B6C25 /* YGTransferListBtn.m in Sources */ = {isa = PBXBuildFile; fileRef = B6AD7A90211735C3007B6C25 /* YGTransferListBtn.m */; };
		B6B39B8D211682F20024682A /* YGMenuView.m in Sources */ = {isa = PBXBuildFile; fileRef = B6B39B8C211682F20024682A /* YGMenuView.m */; };
		B6C4040B20F76F5600E95598 /* UIView+Extension.m in Sources */ = {isa = PBXBuildFile; fileRef = B6C4040A20F76F5600E95598 /* UIView+Extension.m */; };
		B6C4040E20F7719000E95598 /* YGLoginTopView.m in Sources */ = {isa = PBXBuildFile; fileRef = B6C4040D20F7719000E95598 /* YGLoginTopView.m */; };
		B6C4041120F7719C00E95598 /* YGLoginMidView.m in Sources */ = {isa = PBXBuildFile; fileRef = B6C4041020F7719C00E95598 /* YGLoginMidView.m */; };
		B6C4041720F78ACF00E95598 /* YGInputView.m in Sources */ = {isa = PBXBuildFile; fileRef = B6C4041620F78ACF00E95598 /* YGInputView.m */; };
		B6DACDA2210C20BE008D164E /* NSDate+Extension.m in Sources */ = {isa = PBXBuildFile; fileRef = B6DACDA1210C20BE008D164E /* NSDate+Extension.m */; };
		B6FBA00E20F62CD10012EFD0 /* YGFileVC.m in Sources */ = {isa = PBXBuildFile; fileRef = B6FBA00D20F62CD10012EFD0 /* YGFileVC.m */; };
		B6FBA01120F62CE30012EFD0 /* YGStarVC.m in Sources */ = {isa = PBXBuildFile; fileRef = B6FBA01020F62CE30012EFD0 /* YGStarVC.m */; };
		B6FBA01420F62D240012EFD0 /* YGTansferVC.m in Sources */ = {isa = PBXBuildFile; fileRef = B6FBA01320F62D240012EFD0 /* YGTansferVC.m */; };
		B6FBA01720F62D4F0012EFD0 /* YGProfileVC.m in Sources */ = {isa = PBXBuildFile; fileRef = B6FBA01620F62D4F0012EFD0 /* YGProfileVC.m */; };
		EA57C0B95943C32B66E999BD /* libPods-幸福云盘.a in Frameworks */ = {isa = PBXBuildFile; fileRef = 2E200F24AA867E7994FC0ECE /* libPods-幸福云盘.a */; };
/* End PBXBuildFile section */

/* Begin PBXFileReference section */
		24356D3E799840F6B9E6A5BF /* Pods-幸福云盘.debug.xcconfig */ = {isa = PBXFileReference; includeInIndex = 1; lastKnownFileType = text.xcconfig; name = "Pods-幸福云盘.debug.xcconfig"; path = "Pods/Target Support Files/Pods-幸福云盘/Pods-幸福云盘.debug.xcconfig"; sourceTree = "<group>"; };
		2E200F24AA867E7994FC0ECE /* libPods-幸福云盘.a */ = {isa = PBXFileReference; explicitFileType = archive.ar; includeInIndex = 0; path = "libPods-幸福云盘.a"; sourceTree = BUILT_PRODUCTS_DIR; };
		7303B0072106E381003A6952 /* QuickLook.framework */ = {isa = PBXFileReference; lastKnownFileType = wrapper.framework; name = QuickLook.framework; path = System/Library/Frameworks/QuickLook.framework; sourceTree = SDKROOT; };
		7315335221192AF20043E6C2 /* YGTransferDownloadBtn.h */ = {isa = PBXFileReference; lastKnownFileType = sourcecode.c.h; path = YGTransferDownloadBtn.h; sourceTree = "<group>"; };
		7315335321192AF20043E6C2 /* YGTransferDownloadBtn.m */ = {isa = PBXFileReference; lastKnownFileType = sourcecode.c.objc; path = YGTransferDownloadBtn.m; sourceTree = "<group>"; };
		732B81C920FF10E8008E4C57 /* UIBarButtonItem+Extension.h */ = {isa = PBXFileReference; lastKnownFileType = sourcecode.c.h; path = "UIBarButtonItem+Extension.h"; sourceTree = "<group>"; };
		732B81CA20FF10E8008E4C57 /* UIBarButtonItem+Extension.m */ = {isa = PBXFileReference; lastKnownFileType = sourcecode.c.objc; path = "UIBarButtonItem+Extension.m"; sourceTree = "<group>"; };
		7335A0A020FD864500F5ECF5 /* YGFileModel.h */ = {isa = PBXFileReference; lastKnownFileType = sourcecode.c.h; path = YGFileModel.h; sourceTree = "<group>"; };
		7335A0A120FD864500F5ECF5 /* YGFileModel.m */ = {isa = PBXFileReference; lastKnownFileType = sourcecode.c.objc; path = YGFileModel.m; sourceTree = "<group>"; };
		7335A0A320FD922F00F5ECF5 /* YGFileCell.h */ = {isa = PBXFileReference; lastKnownFileType = sourcecode.c.h; path = YGFileCell.h; sourceTree = "<group>"; };
		7335A0A420FD922F00F5ECF5 /* YGFileCell.m */ = {isa = PBXFileReference; lastKnownFileType = sourcecode.c.objc; path = YGFileCell.m; sourceTree = "<group>"; };
		73374F88210184B1005BA2E9 /* YGSearchField.h */ = {isa = PBXFileReference; lastKnownFileType = sourcecode.c.h; path = YGSearchField.h; sourceTree = "<group>"; };
		73374F89210184B1005BA2E9 /* YGSearchField.m */ = {isa = PBXFileReference; lastKnownFileType = sourcecode.c.objc; path = YGSearchField.m; sourceTree = "<group>"; };
		73374F8B2101B4E1005BA2E9 /* YGSubFileVC.h */ = {isa = PBXFileReference; lastKnownFileType = sourcecode.c.h; path = YGSubFileVC.h; sourceTree = "<group>"; };
		73374F8C2101B4E1005BA2E9 /* YGSubFileVC.m */ = {isa = PBXFileReference; lastKnownFileType = sourcecode.c.objc; path = YGSubFileVC.m; sourceTree = "<group>"; };
		73484D1E210AF54000BA344B /* YGRepoTool.h */ = {isa = PBXFileReference; lastKnownFileType = sourcecode.c.h; path = YGRepoTool.h; sourceTree = "<group>"; };
		73484D1F210AF54000BA344B /* YGRepoTool.m */ = {isa = PBXFileReference; lastKnownFileType = sourcecode.c.objc; path = YGRepoTool.m; sourceTree = "<group>"; };
		735E26882106B63E000DB123 /* YGFilePreviewVC.h */ = {isa = PBXFileReference; lastKnownFileType = sourcecode.c.h; path = YGFilePreviewVC.h; sourceTree = "<group>"; };
		735E26892106B63E000DB123 /* YGFilePreviewVC.m */ = {isa = PBXFileReference; lastKnownFileType = sourcecode.c.objc; path = YGFilePreviewVC.m; sourceTree = "<group>"; };
		73716C152105720300706C51 /* FileMimeType.plist */ = {isa = PBXFileReference; lastKnownFileType = text.plist.xml; path = FileMimeType.plist; sourceTree = "<group>"; };
		73716C1721059B6B00706C51 /* YGMimeType.h */ = {isa = PBXFileReference; lastKnownFileType = sourcecode.c.h; path = YGMimeType.h; sourceTree = "<group>"; };
		73716C1821059B6B00706C51 /* YGMimeType.m */ = {isa = PBXFileReference; lastKnownFileType = sourcecode.c.objc; path = YGMimeType.m; sourceTree = "<group>"; };
		73716C1D21059C2500706C51 /* YGApiTokenTool.h */ = {isa = PBXFileReference; fileEncoding = 4; lastKnownFileType = sourcecode.c.h; path = YGApiTokenTool.h; sourceTree = "<group>"; };
		73716C1E21059C2500706C51 /* YGApiTokenTool.m */ = {isa = PBXFileReference; fileEncoding = 4; lastKnownFileType = sourcecode.c.objc; path = YGApiTokenTool.m; sourceTree = "<group>"; };
		73716C1F21059C2500706C51 /* YGHttpTool.h */ = {isa = PBXFileReference; fileEncoding = 4; lastKnownFileType = sourcecode.c.h; path = YGHttpTool.h; sourceTree = "<group>"; };
		73716C2021059C2500706C51 /* YGHttpTool.m */ = {isa = PBXFileReference; fileEncoding = 4; lastKnownFileType = sourcecode.c.objc; path = YGHttpTool.m; sourceTree = "<group>"; };
		73716C2321059C4700706C51 /* YGFileTypeTool.h */ = {isa = PBXFileReference; lastKnownFileType = sourcecode.c.h; path = YGFileTypeTool.h; sourceTree = "<group>"; };
		73716C2421059C4700706C51 /* YGFileTypeTool.m */ = {isa = PBXFileReference; lastKnownFileType = sourcecode.c.objc; path = YGFileTypeTool.m; sourceTree = "<group>"; };
		73716C262105AA5400706C51 /* NSString+Extension.h */ = {isa = PBXFileReference; lastKnownFileType = sourcecode.c.h; path = "NSString+Extension.h"; sourceTree = "<group>"; };
		73716C272105AA5400706C51 /* NSString+Extension.m */ = {isa = PBXFileReference; lastKnownFileType = sourcecode.c.objc; path = "NSString+Extension.m"; sourceTree = "<group>"; };
		737FDBEF20F874A600BF5090 /* UIImage+Extension.h */ = {isa = PBXFileReference; lastKnownFileType = sourcecode.c.h; path = "UIImage+Extension.h"; sourceTree = "<group>"; };
		737FDBF020F874A600BF5090 /* UIImage+Extension.m */ = {isa = PBXFileReference; lastKnownFileType = sourcecode.c.objc; path = "UIImage+Extension.m"; sourceTree = "<group>"; };
		73D6120621102736006F209E /* SVProgressHUD+Extension.h */ = {isa = PBXFileReference; lastKnownFileType = sourcecode.c.h; path = "SVProgressHUD+Extension.h"; sourceTree = "<group>"; };
		73D6120721102736006F209E /* SVProgressHUD+Extension.m */ = {isa = PBXFileReference; lastKnownFileType = sourcecode.c.objc; path = "SVProgressHUD+Extension.m"; sourceTree = "<group>"; };
		73F3E7F62117E9C80054623F /* YGDownloadListVC.h */ = {isa = PBXFileReference; lastKnownFileType = sourcecode.c.h; path = YGDownloadListVC.h; sourceTree = "<group>"; };
		73F3E7F72117E9C80054623F /* YGDownloadListVC.m */ = {isa = PBXFileReference; lastKnownFileType = sourcecode.c.objc; path = YGDownloadListVC.m; sourceTree = "<group>"; };
		73F3E7F92117E9DB0054623F /* YGUploadListVC.h */ = {isa = PBXFileReference; lastKnownFileType = sourcecode.c.h; path = YGUploadListVC.h; sourceTree = "<group>"; };
		73F3E7FA2117E9DB0054623F /* YGUploadListVC.m */ = {isa = PBXFileReference; lastKnownFileType = sourcecode.c.objc; path = YGUploadListVC.m; sourceTree = "<group>"; };
		73F3E7FC211806200054623F /* YGDownloadCell.h */ = {isa = PBXFileReference; lastKnownFileType = sourcecode.c.h; path = YGDownloadCell.h; sourceTree = "<group>"; };
		73F3E7FD211806200054623F /* YGDownloadCell.m */ = {isa = PBXFileReference; lastKnownFileType = sourcecode.c.objc; path = YGDownloadCell.m; sourceTree = "<group>"; };
		73F3E8012118062E0054623F /* YGUploadCell.h */ = {isa = PBXFileReference; lastKnownFileType = sourcecode.c.h; path = YGUploadCell.h; sourceTree = "<group>"; };
		73F3E8022118062E0054623F /* YGUploadCell.m */ = {isa = PBXFileReference; lastKnownFileType = sourcecode.c.objc; path = YGUploadCell.m; sourceTree = "<group>"; };
		73F3E80C21181A080054623F /* YGDownloadCell.xib */ = {isa = PBXFileReference; lastKnownFileType = file.xib; path = YGDownloadCell.xib; sourceTree = "<group>"; };
		73F3E814211842240054623F /* YGTransferModel.h */ = {isa = PBXFileReference; lastKnownFileType = sourcecode.c.h; path = YGTransferModel.h; sourceTree = "<group>"; };
		73F3E815211842240054623F /* YGTransferModel.m */ = {isa = PBXFileReference; lastKnownFileType = sourcecode.c.objc; path = YGTransferModel.m; sourceTree = "<group>"; };
		B6209E7920F4EE7D0075497C /* 幸福云盘.app */ = {isa = PBXFileReference; explicitFileType = wrapper.application; includeInIndex = 0; path = "幸福云盘.app"; sourceTree = BUILT_PRODUCTS_DIR; };
		B6209E7C20F4EE7E0075497C /* AppDelegate.h */ = {isa = PBXFileReference; lastKnownFileType = sourcecode.c.h; path = AppDelegate.h; sourceTree = "<group>"; };
		B6209E7D20F4EE7E0075497C /* AppDelegate.m */ = {isa = PBXFileReference; lastKnownFileType = sourcecode.c.objc; path = AppDelegate.m; sourceTree = "<group>"; };
		B6209E8520F4EE7E0075497C /* Assets.xcassets */ = {isa = PBXFileReference; lastKnownFileType = folder.assetcatalog; path = Assets.xcassets; sourceTree = "<group>"; };
		B6209E8A20F4EE7E0075497C /* Info.plist */ = {isa = PBXFileReference; lastKnownFileType = text.plist.xml; path = Info.plist; sourceTree = "<group>"; };
		B6209E8B20F4EE7E0075497C /* main.m */ = {isa = PBXFileReference; lastKnownFileType = sourcecode.c.objc; path = main.m; sourceTree = "<group>"; };
		B63EF38B2100A50000C562DF /* YGFileBaseVC.h */ = {isa = PBXFileReference; lastKnownFileType = sourcecode.c.h; path = YGFileBaseVC.h; sourceTree = "<group>"; };
		B63EF38C2100A50000C562DF /* YGFileBaseVC.m */ = {isa = PBXFileReference; lastKnownFileType = sourcecode.c.objc; path = YGFileBaseVC.m; sourceTree = "<group>"; };
		B63EF3942100D68D00C562DF /* UIButton+Extension.h */ = {isa = PBXFileReference; lastKnownFileType = sourcecode.c.h; path = "UIButton+Extension.h"; sourceTree = "<group>"; };
		B63EF3952100D68D00C562DF /* UIButton+Extension.m */ = {isa = PBXFileReference; lastKnownFileType = sourcecode.c.objc; path = "UIButton+Extension.m"; sourceTree = "<group>"; };
		B641A1CF20FDF69700FCA501 /* YGLoadingView.m */ = {isa = PBXFileReference; fileEncoding = 4; lastKnownFileType = sourcecode.c.objc; path = YGLoadingView.m; sourceTree = "<group>"; };
		B641A1D020FDF69700FCA501 /* YGLoadingView.h */ = {isa = PBXFileReference; fileEncoding = 4; lastKnownFileType = sourcecode.c.h; path = YGLoadingView.h; sourceTree = "<group>"; };
		B641A1D220FE0A0C00FCA501 /* YGActivityIndicator.h */ = {isa = PBXFileReference; fileEncoding = 4; lastKnownFileType = sourcecode.c.h; path = YGActivityIndicator.h; sourceTree = "<group>"; };
		B641A1D320FE0A0C00FCA501 /* YGActivityIndicator.m */ = {isa = PBXFileReference; fileEncoding = 4; lastKnownFileType = sourcecode.c.objc; path = YGActivityIndicator.m; sourceTree = "<group>"; };
		B641A1D520FE0BB400FCA501 /* YGFileCell.xib */ = {isa = PBXFileReference; lastKnownFileType = file.xib; path = YGFileCell.xib; sourceTree = "<group>"; };
		B64B3FAD2121C7810066EBE8 /* YGHeaderView.h */ = {isa = PBXFileReference; lastKnownFileType = sourcecode.c.h; path = YGHeaderView.h; sourceTree = "<group>"; };
		B64B3FAE2121C7810066EBE8 /* YGHeaderView.m */ = {isa = PBXFileReference; lastKnownFileType = sourcecode.c.objc; path = YGHeaderView.m; sourceTree = "<group>"; };
		B650EAA120FCCEA90025D1E0 /* YGApiToken.h */ = {isa = PBXFileReference; lastKnownFileType = sourcecode.c.h; path = YGApiToken.h; sourceTree = "<group>"; };
		B650EAA220FCCEA90025D1E0 /* YGApiToken.m */ = {isa = PBXFileReference; lastKnownFileType = sourcecode.c.objc; path = YGApiToken.m; sourceTree = "<group>"; };
		B6595AFD2111DA9300B9D71E /* YGFileUploadView.h */ = {isa = PBXFileReference; lastKnownFileType = sourcecode.c.h; path = YGFileUploadView.h; sourceTree = "<group>"; };
		B6595AFE2111DA9300B9D71E /* YGFileUploadView.m */ = {isa = PBXFileReference; lastKnownFileType = sourcecode.c.objc; path = YGFileUploadView.m; sourceTree = "<group>"; };
		B65DBDD52119F01800123E57 /* YGFileOperationView.h */ = {isa = PBXFileReference; lastKnownFileType = sourcecode.c.h; path = YGFileOperationView.h; sourceTree = "<group>"; };
		B65DBDD62119F01800123E57 /* YGFileOperationView.m */ = {isa = PBXFileReference; lastKnownFileType = sourcecode.c.objc; path = YGFileOperationView.m; sourceTree = "<group>"; };
		B66644FC2110A504007F1630 /* YGNetworkFailedView.h */ = {isa = PBXFileReference; lastKnownFileType = sourcecode.c.h; path = YGNetworkFailedView.h; sourceTree = "<group>"; };
		B66644FD2110A504007F1630 /* YGNetworkFailedView.m */ = {isa = PBXFileReference; lastKnownFileType = sourcecode.c.objc; path = YGNetworkFailedView.m; sourceTree = "<group>"; };
		B676793920F629BC00945627 /* YGMainTabBarVC.h */ = {isa = PBXFileReference; lastKnownFileType = sourcecode.c.h; path = YGMainTabBarVC.h; sourceTree = "<group>"; };
		B676793A20F629BC00945627 /* YGMainTabBarVC.m */ = {isa = PBXFileReference; lastKnownFileType = sourcecode.c.objc; path = YGMainTabBarVC.m; sourceTree = "<group>"; };
		B676793C20F629D900945627 /* YGMainNavVC.h */ = {isa = PBXFileReference; lastKnownFileType = sourcecode.c.h; path = YGMainNavVC.h; sourceTree = "<group>"; };
		B676793D20F629D900945627 /* YGMainNavVC.m */ = {isa = PBXFileReference; lastKnownFileType = sourcecode.c.objc; path = YGMainNavVC.m; sourceTree = "<group>"; };
		B676793F20F629F000945627 /* YGTabBar.h */ = {isa = PBXFileReference; lastKnownFileType = sourcecode.c.h; path = YGTabBar.h; sourceTree = "<group>"; };
		B676794020F629F000945627 /* YGTabBar.m */ = {isa = PBXFileReference; lastKnownFileType = sourcecode.c.objc; path = YGTabBar.m; sourceTree = "<group>"; };
		B676794620F62B1400945627 /* YGLoginVC.h */ = {isa = PBXFileReference; lastKnownFileType = sourcecode.c.h; path = YGLoginVC.h; sourceTree = "<group>"; };
		B676794720F62B1400945627 /* YGLoginVC.m */ = {isa = PBXFileReference; lastKnownFileType = sourcecode.c.objc; path = YGLoginVC.m; sourceTree = "<group>"; };
		B676794920F62BFA00945627 /* 幸福云盘-Prefix.pch */ = {isa = PBXFileReference; lastKnownFileType = sourcecode.c.h; path = "幸福云盘-Prefix.pch"; sourceTree = "<group>"; };
		B680BCEA20F8E7D200F8CB98 /* YGURLString.h */ = {isa = PBXFileReference; lastKnownFileType = sourcecode.c.h; path = YGURLString.h; sourceTree = "<group>"; };
		B680BCEB20F8E7D200F8CB98 /* YGURLString.m */ = {isa = PBXFileReference; lastKnownFileType = sourcecode.c.objc; path = YGURLString.m; sourceTree = "<group>"; };
		B6A1E27620FA31EE009F94DF /* YGAccount.h */ = {isa = PBXFileReference; lastKnownFileType = sourcecode.c.h; path = YGAccount.h; sourceTree = "<group>"; };
		B6A1E27720FA31EE009F94DF /* YGAccount.m */ = {isa = PBXFileReference; lastKnownFileType = sourcecode.c.objc; path = YGAccount.m; sourceTree = "<group>"; };
		B6A7C4F1210F561D00C0A929 /* YGAddFolderView.h */ = {isa = PBXFileReference; lastKnownFileType = sourcecode.c.h; path = YGAddFolderView.h; sourceTree = "<group>"; };
		B6A7C4F2210F561D00C0A929 /* YGAddFolderView.m */ = {isa = PBXFileReference; lastKnownFileType = sourcecode.c.objc; path = YGAddFolderView.m; sourceTree = "<group>"; };
		B6A8E23E210DBDC800E5117C /* YGFileUnableView.h */ = {isa = PBXFileReference; lastKnownFileType = sourcecode.c.h; path = YGFileUnableView.h; sourceTree = "<group>"; };
		B6A8E23F210DBDC800E5117C /* YGFileUnableView.m */ = {isa = PBXFileReference; lastKnownFileType = sourcecode.c.objc; path = YGFileUnableView.m; sourceTree = "<group>"; };
		B6A8E241210DF39600E5117C /* YGDirTool.h */ = {isa = PBXFileReference; lastKnownFileType = sourcecode.c.h; path = YGDirTool.h; sourceTree = "<group>"; };
		B6A8E242210DF39600E5117C /* YGDirTool.m */ = {isa = PBXFileReference; lastKnownFileType = sourcecode.c.objc; path = YGDirTool.m; sourceTree = "<group>"; };
		B6AA69E821037B05006C1BAB /* YGFileEmptyView.h */ = {isa = PBXFileReference; lastKnownFileType = sourcecode.c.h; path = YGFileEmptyView.h; sourceTree = "<group>"; };
		B6AA69E921037B05006C1BAB /* YGFileEmptyView.m */ = {isa = PBXFileReference; lastKnownFileType = sourcecode.c.objc; path = YGFileEmptyView.m; sourceTree = "<group>"; };
		B6AD7A8F211735C3007B6C25 /* YGTransferListBtn.h */ = {isa = PBXFileReference; lastKnownFileType = sourcecode.c.h; path = YGTransferListBtn.h; sourceTree = "<group>"; };
		B6AD7A90211735C3007B6C25 /* YGTransferListBtn.m */ = {isa = PBXFileReference; lastKnownFileType = sourcecode.c.objc; path = YGTransferListBtn.m; sourceTree = "<group>"; };
		B6B39B8B211682F20024682A /* YGMenuView.h */ = {isa = PBXFileReference; lastKnownFileType = sourcecode.c.h; path = YGMenuView.h; sourceTree = "<group>"; };
		B6B39B8C211682F20024682A /* YGMenuView.m */ = {isa = PBXFileReference; lastKnownFileType = sourcecode.c.objc; path = YGMenuView.m; sourceTree = "<group>"; };
		B6C4040920F76F5600E95598 /* UIView+Extension.h */ = {isa = PBXFileReference; lastKnownFileType = sourcecode.c.h; path = "UIView+Extension.h"; sourceTree = "<group>"; };
		B6C4040A20F76F5600E95598 /* UIView+Extension.m */ = {isa = PBXFileReference; lastKnownFileType = sourcecode.c.objc; path = "UIView+Extension.m"; sourceTree = "<group>"; };
		B6C4040C20F7719000E95598 /* YGLoginTopView.h */ = {isa = PBXFileReference; lastKnownFileType = sourcecode.c.h; path = YGLoginTopView.h; sourceTree = "<group>"; };
		B6C4040D20F7719000E95598 /* YGLoginTopView.m */ = {isa = PBXFileReference; lastKnownFileType = sourcecode.c.objc; path = YGLoginTopView.m; sourceTree = "<group>"; };
		B6C4040F20F7719C00E95598 /* YGLoginMidView.h */ = {isa = PBXFileReference; lastKnownFileType = sourcecode.c.h; path = YGLoginMidView.h; sourceTree = "<group>"; };
		B6C4041020F7719C00E95598 /* YGLoginMidView.m */ = {isa = PBXFileReference; lastKnownFileType = sourcecode.c.objc; path = YGLoginMidView.m; sourceTree = "<group>"; };
		B6C4041520F78ACF00E95598 /* YGInputView.h */ = {isa = PBXFileReference; lastKnownFileType = sourcecode.c.h; path = YGInputView.h; sourceTree = "<group>"; };
		B6C4041620F78ACF00E95598 /* YGInputView.m */ = {isa = PBXFileReference; lastKnownFileType = sourcecode.c.objc; path = YGInputView.m; sourceTree = "<group>"; };
		B6DACDA0210C20BE008D164E /* NSDate+Extension.h */ = {isa = PBXFileReference; lastKnownFileType = sourcecode.c.h; path = "NSDate+Extension.h"; sourceTree = "<group>"; };
		B6DACDA1210C20BE008D164E /* NSDate+Extension.m */ = {isa = PBXFileReference; lastKnownFileType = sourcecode.c.objc; path = "NSDate+Extension.m"; sourceTree = "<group>"; };
		B6FBA00C20F62CD10012EFD0 /* YGFileVC.h */ = {isa = PBXFileReference; lastKnownFileType = sourcecode.c.h; path = YGFileVC.h; sourceTree = "<group>"; };
		B6FBA00D20F62CD10012EFD0 /* YGFileVC.m */ = {isa = PBXFileReference; lastKnownFileType = sourcecode.c.objc; path = YGFileVC.m; sourceTree = "<group>"; };
		B6FBA00F20F62CE30012EFD0 /* YGStarVC.h */ = {isa = PBXFileReference; lastKnownFileType = sourcecode.c.h; path = YGStarVC.h; sourceTree = "<group>"; };
		B6FBA01020F62CE30012EFD0 /* YGStarVC.m */ = {isa = PBXFileReference; lastKnownFileType = sourcecode.c.objc; path = YGStarVC.m; sourceTree = "<group>"; };
		B6FBA01220F62D240012EFD0 /* YGTansferVC.h */ = {isa = PBXFileReference; lastKnownFileType = sourcecode.c.h; path = YGTansferVC.h; sourceTree = "<group>"; };
		B6FBA01320F62D240012EFD0 /* YGTansferVC.m */ = {isa = PBXFileReference; lastKnownFileType = sourcecode.c.objc; path = YGTansferVC.m; sourceTree = "<group>"; };
		B6FBA01520F62D4F0012EFD0 /* YGProfileVC.h */ = {isa = PBXFileReference; lastKnownFileType = sourcecode.c.h; path = YGProfileVC.h; sourceTree = "<group>"; };
		B6FBA01620F62D4F0012EFD0 /* YGProfileVC.m */ = {isa = PBXFileReference; lastKnownFileType = sourcecode.c.objc; path = YGProfileVC.m; sourceTree = "<group>"; };
		B84F913ECE58C483A85F0724 /* Pods-幸福云盘.release.xcconfig */ = {isa = PBXFileReference; includeInIndex = 1; lastKnownFileType = text.xcconfig; name = "Pods-幸福云盘.release.xcconfig"; path = "Pods/Target Support Files/Pods-幸福云盘/Pods-幸福云盘.release.xcconfig"; sourceTree = "<group>"; };
/* End PBXFileReference section */

/* Begin PBXFrameworksBuildPhase section */
		B6209E7620F4EE7D0075497C /* Frameworks */ = {
			isa = PBXFrameworksBuildPhase;
			buildActionMask = 2147483647;
			files = (
				EA57C0B95943C32B66E999BD /* libPods-幸福云盘.a in Frameworks */,
			);
			runOnlyForDeploymentPostprocessing = 0;
		};
/* End PBXFrameworksBuildPhase section */

/* Begin PBXGroup section */
		3F96C3A64FB5B44D2BFC0A77 /* Pods */ = {
			isa = PBXGroup;
			children = (
				24356D3E799840F6B9E6A5BF /* Pods-幸福云盘.debug.xcconfig */,
				B84F913ECE58C483A85F0724 /* Pods-幸福云盘.release.xcconfig */,
			);
			name = Pods;
			sourceTree = "<group>";
		};
		49F3F30C0395FD079C1A76F3 /* Frameworks */ = {
			isa = PBXGroup;
			children = (
				7303B0072106E381003A6952 /* QuickLook.framework */,
				2E200F24AA867E7994FC0ECE /* libPods-幸福云盘.a */,
			);
			name = Frameworks;
			sourceTree = "<group>";
		};
		73716C1A21059C2500706C51 /* Tool */ = {
			isa = PBXGroup;
			children = (
				73716C1B21059C2500706C51 /* FileTool */,
				73716C1C21059C2500706C51 /* HttpTool */,
			);
			path = Tool;
			sourceTree = "<group>";
		};
		73716C1B21059C2500706C51 /* FileTool */ = {
			isa = PBXGroup;
			children = (
				73716C2321059C4700706C51 /* YGFileTypeTool.h */,
				73716C2421059C4700706C51 /* YGFileTypeTool.m */,
				73484D1E210AF54000BA344B /* YGRepoTool.h */,
				73484D1F210AF54000BA344B /* YGRepoTool.m */,
				B6A8E241210DF39600E5117C /* YGDirTool.h */,
				B6A8E242210DF39600E5117C /* YGDirTool.m */,
			);
			path = FileTool;
			sourceTree = "<group>";
		};
		73716C1C21059C2500706C51 /* HttpTool */ = {
			isa = PBXGroup;
			children = (
				73716C1D21059C2500706C51 /* YGApiTokenTool.h */,
				73716C1E21059C2500706C51 /* YGApiTokenTool.m */,
				73716C1F21059C2500706C51 /* YGHttpTool.h */,
				73716C2021059C2500706C51 /* YGHttpTool.m */,
			);
			path = HttpTool;
			sourceTree = "<group>";
		};
		B6209E7020F4EE7D0075497C = {
			isa = PBXGroup;
			children = (
				B6209E7B20F4EE7D0075497C /* 幸福云盘 */,
				B6209E7A20F4EE7D0075497C /* Products */,
				3F96C3A64FB5B44D2BFC0A77 /* Pods */,
				49F3F30C0395FD079C1A76F3 /* Frameworks */,
			);
			sourceTree = "<group>";
		};
		B6209E7A20F4EE7D0075497C /* Products */ = {
			isa = PBXGroup;
			children = (
				B6209E7920F4EE7D0075497C /* 幸福云盘.app */,
			);
			name = Products;
			sourceTree = "<group>";
		};
		B6209E7B20F4EE7D0075497C /* 幸福云盘 */ = {
			isa = PBXGroup;
			children = (
				B676791F20F627E500945627 /* Classes */,
				B676793520F628D800945627 /* Supporting Files */,
			);
			path = "幸福云盘";
			sourceTree = "<group>";
		};
		B650EAA020FCCE9D0025D1E0 /* Model */ = {
			isa = PBXGroup;
			children = (
				B650EAA120FCCEA90025D1E0 /* YGApiToken.h */,
				B650EAA220FCCEA90025D1E0 /* YGApiToken.m */,
				73716C1721059B6B00706C51 /* YGMimeType.h */,
				73716C1821059B6B00706C51 /* YGMimeType.m */,
			);
			path = Model;
			sourceTree = "<group>";
		};
		B676791F20F627E500945627 /* Classes */ = {
			isa = PBXGroup;
			children = (
				B676792420F627E500945627 /* Main */,
				B676794220F62AFC00945627 /* Login */,
				B676792020F627E500945627 /* File */,
				B676792D20F627E500945627 /* Star */,
				B676793120F627E500945627 /* Transfer */,
				B676792920F627E500945627 /* Profile */,
				B676792820F627E500945627 /* Other */,
			);
			path = Classes;
			sourceTree = "<group>";
		};
		B676792020F627E500945627 /* File */ = {
			isa = PBXGroup;
			children = (
				B676792120F627E500945627 /* Controller */,
				B676792220F627E500945627 /* Model */,
				B676792320F627E500945627 /* View */,
			);
			path = File;
			sourceTree = "<group>";
		};
		B676792120F627E500945627 /* Controller */ = {
			isa = PBXGroup;
			children = (
				B63EF38B2100A50000C562DF /* YGFileBaseVC.h */,
				B63EF38C2100A50000C562DF /* YGFileBaseVC.m */,
				B6FBA00C20F62CD10012EFD0 /* YGFileVC.h */,
				B6FBA00D20F62CD10012EFD0 /* YGFileVC.m */,
				73374F8B2101B4E1005BA2E9 /* YGSubFileVC.h */,
				73374F8C2101B4E1005BA2E9 /* YGSubFileVC.m */,
				735E26882106B63E000DB123 /* YGFilePreviewVC.h */,
				735E26892106B63E000DB123 /* YGFilePreviewVC.m */,
			);
			path = Controller;
			sourceTree = "<group>";
		};
		B676792220F627E500945627 /* Model */ = {
			isa = PBXGroup;
			children = (
				7335A0A020FD864500F5ECF5 /* YGFileModel.h */,
				7335A0A120FD864500F5ECF5 /* YGFileModel.m */,
			);
			path = Model;
			sourceTree = "<group>";
		};
		B676792320F627E500945627 /* View */ = {
			isa = PBXGroup;
			children = (
				7335A0A320FD922F00F5ECF5 /* YGFileCell.h */,
				7335A0A420FD922F00F5ECF5 /* YGFileCell.m */,
				B641A1D520FE0BB400FCA501 /* YGFileCell.xib */,
				B64B3FAD2121C7810066EBE8 /* YGHeaderView.h */,
				B64B3FAE2121C7810066EBE8 /* YGHeaderView.m */,
				B641A1D020FDF69700FCA501 /* YGLoadingView.h */,
				B641A1CF20FDF69700FCA501 /* YGLoadingView.m */,
				B641A1D220FE0A0C00FCA501 /* YGActivityIndicator.h */,
				B641A1D320FE0A0C00FCA501 /* YGActivityIndicator.m */,
				73374F88210184B1005BA2E9 /* YGSearchField.h */,
				73374F89210184B1005BA2E9 /* YGSearchField.m */,
				B6AA69E821037B05006C1BAB /* YGFileEmptyView.h */,
				B6AA69E921037B05006C1BAB /* YGFileEmptyView.m */,
				B6A8E23E210DBDC800E5117C /* YGFileUnableView.h */,
				B6A8E23F210DBDC800E5117C /* YGFileUnableView.m */,
				B6A7C4F1210F561D00C0A929 /* YGAddFolderView.h */,
				B6A7C4F2210F561D00C0A929 /* YGAddFolderView.m */,
				B6595AFD2111DA9300B9D71E /* YGFileUploadView.h */,
				B6595AFE2111DA9300B9D71E /* YGFileUploadView.m */,
				B65DBDD52119F01800123E57 /* YGFileOperationView.h */,
				B65DBDD62119F01800123E57 /* YGFileOperationView.m */,
			);
			path = View;
			sourceTree = "<group>";
		};
		B676792420F627E500945627 /* Main */ = {
			isa = PBXGroup;
			children = (
				73716C1A21059C2500706C51 /* Tool */,
				B650EAA020FCCE9D0025D1E0 /* Model */,
				B676792520F627E500945627 /* Controller */,
				B676792720F627E500945627 /* View */,
				B6C4040720F76F4300E95598 /* Category */,
			);
			path = Main;
			sourceTree = "<group>";
		};
		B676792520F627E500945627 /* Controller */ = {
			isa = PBXGroup;
			children = (
				B676793920F629BC00945627 /* YGMainTabBarVC.h */,
				B676793A20F629BC00945627 /* YGMainTabBarVC.m */,
				B676793C20F629D900945627 /* YGMainNavVC.h */,
				B676793D20F629D900945627 /* YGMainNavVC.m */,
			);
			path = Controller;
			sourceTree = "<group>";
		};
		B676792720F627E500945627 /* View */ = {
			isa = PBXGroup;
			children = (
				B676793F20F629F000945627 /* YGTabBar.h */,
				B676794020F629F000945627 /* YGTabBar.m */,
				B66644FC2110A504007F1630 /* YGNetworkFailedView.h */,
				B66644FD2110A504007F1630 /* YGNetworkFailedView.m */,
			);
			path = View;
			sourceTree = "<group>";
		};
		B676792820F627E500945627 /* Other */ = {
			isa = PBXGroup;
			children = (
				B6209E7C20F4EE7E0075497C /* AppDelegate.h */,
				B6209E7D20F4EE7E0075497C /* AppDelegate.m */,
				B6209E8B20F4EE7E0075497C /* main.m */,
			);
			path = Other;
			sourceTree = "<group>";
		};
		B676792920F627E500945627 /* Profile */ = {
			isa = PBXGroup;
			children = (
				B676792A20F627E500945627 /* Controller */,
				B676792B20F627E500945627 /* Model */,
				B676792C20F627E500945627 /* View */,
			);
			path = Profile;
			sourceTree = "<group>";
		};
		B676792A20F627E500945627 /* Controller */ = {
			isa = PBXGroup;
			children = (
				B6FBA01520F62D4F0012EFD0 /* YGProfileVC.h */,
				B6FBA01620F62D4F0012EFD0 /* YGProfileVC.m */,
			);
			path = Controller;
			sourceTree = "<group>";
		};
		B676792B20F627E500945627 /* Model */ = {
			isa = PBXGroup;
			children = (
			);
			path = Model;
			sourceTree = "<group>";
		};
		B676792C20F627E500945627 /* View */ = {
			isa = PBXGroup;
			children = (
			);
			path = View;
			sourceTree = "<group>";
		};
		B676792D20F627E500945627 /* Star */ = {
			isa = PBXGroup;
			children = (
				B676792E20F627E500945627 /* Controller */,
				B676792F20F627E500945627 /* Model */,
				B676793020F627E500945627 /* View */,
			);
			path = Star;
			sourceTree = "<group>";
		};
		B676792E20F627E500945627 /* Controller */ = {
			isa = PBXGroup;
			children = (
				B6FBA00F20F62CE30012EFD0 /* YGStarVC.h */,
				B6FBA01020F62CE30012EFD0 /* YGStarVC.m */,
			);
			path = Controller;
			sourceTree = "<group>";
		};
		B676792F20F627E500945627 /* Model */ = {
			isa = PBXGroup;
			children = (
			);
			path = Model;
			sourceTree = "<group>";
		};
		B676793020F627E500945627 /* View */ = {
			isa = PBXGroup;
			children = (
			);
			path = View;
			sourceTree = "<group>";
		};
		B676793120F627E500945627 /* Transfer */ = {
			isa = PBXGroup;
			children = (
				B676793220F627E500945627 /* Controller */,
				B676793320F627E500945627 /* Model */,
				B676793420F627E500945627 /* View */,
			);
			path = Transfer;
			sourceTree = "<group>";
		};
		B676793220F627E500945627 /* Controller */ = {
			isa = PBXGroup;
			children = (
				B6FBA01220F62D240012EFD0 /* YGTansferVC.h */,
				B6FBA01320F62D240012EFD0 /* YGTansferVC.m */,
				73F3E7F62117E9C80054623F /* YGDownloadListVC.h */,
				73F3E7F72117E9C80054623F /* YGDownloadListVC.m */,
				73F3E7F92117E9DB0054623F /* YGUploadListVC.h */,
				73F3E7FA2117E9DB0054623F /* YGUploadListVC.m */,
			);
			path = Controller;
			sourceTree = "<group>";
		};
		B676793320F627E500945627 /* Model */ = {
			isa = PBXGroup;
			children = (
				73F3E814211842240054623F /* YGTransferModel.h */,
				73F3E815211842240054623F /* YGTransferModel.m */,
			);
			path = Model;
			sourceTree = "<group>";
		};
		B676793420F627E500945627 /* View */ = {
			isa = PBXGroup;
			children = (
				B6B39B8B211682F20024682A /* YGMenuView.h */,
				B6B39B8C211682F20024682A /* YGMenuView.m */,
				B6AD7A8F211735C3007B6C25 /* YGTransferListBtn.h */,
				B6AD7A90211735C3007B6C25 /* YGTransferListBtn.m */,
				73F3E7FC211806200054623F /* YGDownloadCell.h */,
				73F3E7FD211806200054623F /* YGDownloadCell.m */,
				73F3E80C21181A080054623F /* YGDownloadCell.xib */,
				7315335221192AF20043E6C2 /* YGTransferDownloadBtn.h */,
				7315335321192AF20043E6C2 /* YGTransferDownloadBtn.m */,
				73F3E8012118062E0054623F /* YGUploadCell.h */,
				73F3E8022118062E0054623F /* YGUploadCell.m */,
			);
			path = View;
			sourceTree = "<group>";
		};
		B676793520F628D800945627 /* Supporting Files */ = {
			isa = PBXGroup;
			children = (
				B6209E8520F4EE7E0075497C /* Assets.xcassets */,
				B6209E8A20F4EE7E0075497C /* Info.plist */,
				B676794920F62BFA00945627 /* 幸福云盘-Prefix.pch */,
				B680BCEA20F8E7D200F8CB98 /* YGURLString.h */,
				B680BCEB20F8E7D200F8CB98 /* YGURLString.m */,
				73716C152105720300706C51 /* FileMimeType.plist */,
			);
			name = "Supporting Files";
			sourceTree = "<group>";
		};
		B676794220F62AFC00945627 /* Login */ = {
			isa = PBXGroup;
			children = (
				B6A1E27520FA31E4009F94DF /* Model */,
				B676794320F62AFC00945627 /* Controller */,
				B676794520F62AFC00945627 /* View */,
			);
			path = Login;
			sourceTree = "<group>";
		};
		B676794320F62AFC00945627 /* Controller */ = {
			isa = PBXGroup;
			children = (
				B676794620F62B1400945627 /* YGLoginVC.h */,
				B676794720F62B1400945627 /* YGLoginVC.m */,
			);
			path = Controller;
			sourceTree = "<group>";
		};
		B676794520F62AFC00945627 /* View */ = {
			isa = PBXGroup;
			children = (
				B6C4040C20F7719000E95598 /* YGLoginTopView.h */,
				B6C4040D20F7719000E95598 /* YGLoginTopView.m */,
				B6C4040F20F7719C00E95598 /* YGLoginMidView.h */,
				B6C4041020F7719C00E95598 /* YGLoginMidView.m */,
				B6C4041520F78ACF00E95598 /* YGInputView.h */,
				B6C4041620F78ACF00E95598 /* YGInputView.m */,
			);
			path = View;
			sourceTree = "<group>";
		};
		B6A1E27520FA31E4009F94DF /* Model */ = {
			isa = PBXGroup;
			children = (
				B6A1E27620FA31EE009F94DF /* YGAccount.h */,
				B6A1E27720FA31EE009F94DF /* YGAccount.m */,
			);
			path = Model;
			sourceTree = "<group>";
		};
		B6C4040720F76F4300E95598 /* Category */ = {
			isa = PBXGroup;
			children = (
				B6C4040920F76F5600E95598 /* UIView+Extension.h */,
				B6C4040A20F76F5600E95598 /* UIView+Extension.m */,
				737FDBEF20F874A600BF5090 /* UIImage+Extension.h */,
				737FDBF020F874A600BF5090 /* UIImage+Extension.m */,
				732B81C920FF10E8008E4C57 /* UIBarButtonItem+Extension.h */,
				732B81CA20FF10E8008E4C57 /* UIBarButtonItem+Extension.m */,
				B63EF3942100D68D00C562DF /* UIButton+Extension.h */,
				B63EF3952100D68D00C562DF /* UIButton+Extension.m */,
				73716C262105AA5400706C51 /* NSString+Extension.h */,
				73716C272105AA5400706C51 /* NSString+Extension.m */,
				B6DACDA0210C20BE008D164E /* NSDate+Extension.h */,
				B6DACDA1210C20BE008D164E /* NSDate+Extension.m */,
				73D6120621102736006F209E /* SVProgressHUD+Extension.h */,
				73D6120721102736006F209E /* SVProgressHUD+Extension.m */,
			);
			path = Category;
			sourceTree = "<group>";
		};
/* End PBXGroup section */

/* Begin PBXNativeTarget section */
		B6209E7820F4EE7D0075497C /* 幸福云盘 */ = {
			isa = PBXNativeTarget;
			buildConfigurationList = B6209E8F20F4EE7E0075497C /* Build configuration list for PBXNativeTarget "幸福云盘" */;
			buildPhases = (
				3AB4D46047C6BB0E00613BD7 /* [CP] Check Pods Manifest.lock */,
				B6209E7520F4EE7D0075497C /* Sources */,
				B6209E7620F4EE7D0075497C /* Frameworks */,
				B6209E7720F4EE7D0075497C /* Resources */,
				1C7E8B4DA7977C6EA4BC98A9 /* [CP] Copy Pods Resources */,
			);
			buildRules = (
			);
			dependencies = (
			);
			name = "幸福云盘";
			productName = "幸福云盘";
			productReference = B6209E7920F4EE7D0075497C /* 幸福云盘.app */;
			productType = "com.apple.product-type.application";
		};
/* End PBXNativeTarget section */

/* Begin PBXProject section */
		B6209E7120F4EE7D0075497C /* Project object */ = {
			isa = PBXProject;
			attributes = {
				LastUpgradeCheck = 0920;
				ORGANIZATIONNAME = YGLEE;
				TargetAttributes = {
					B6209E7820F4EE7D0075497C = {
						CreatedOnToolsVersion = 9.2;
						ProvisioningStyle = Automatic;
					};
				};
			};
			buildConfigurationList = B6209E7420F4EE7D0075497C /* Build configuration list for PBXProject "幸福云盘" */;
			compatibilityVersion = "Xcode 8.0";
			developmentRegion = en;
			hasScannedForEncodings = 0;
			knownRegions = (
				en,
				Base,
			);
			mainGroup = B6209E7020F4EE7D0075497C;
			productRefGroup = B6209E7A20F4EE7D0075497C /* Products */;
			projectDirPath = "";
			projectRoot = "";
			targets = (
				B6209E7820F4EE7D0075497C /* 幸福云盘 */,
			);
		};
/* End PBXProject section */

/* Begin PBXResourcesBuildPhase section */
		B6209E7720F4EE7D0075497C /* Resources */ = {
			isa = PBXResourcesBuildPhase;
			buildActionMask = 2147483647;
			files = (
				B641A1D620FE0BB400FCA501 /* YGFileCell.xib in Resources */,
				73716C162105720300706C51 /* FileMimeType.plist in Resources */,
				B6209E8620F4EE7E0075497C /* Assets.xcassets in Resources */,
				73F3E80D21181A080054623F /* YGDownloadCell.xib in Resources */,
			);
			runOnlyForDeploymentPostprocessing = 0;
		};
/* End PBXResourcesBuildPhase section */

/* Begin PBXShellScriptBuildPhase section */
		1C7E8B4DA7977C6EA4BC98A9 /* [CP] Copy Pods Resources */ = {
			isa = PBXShellScriptBuildPhase;
			buildActionMask = 2147483647;
			files = (
			);
			inputPaths = (
				"${SRCROOT}/Pods/Target Support Files/Pods-幸福云盘/Pods-幸福云盘-resources.sh",
				"${PODS_ROOT}/MJRefresh/MJRefresh/MJRefresh.bundle",
				"${PODS_ROOT}/SVProgressHUD/SVProgressHUD/SVProgressHUD.bundle",
				"${PODS_ROOT}/TZImagePickerController/TZImagePickerController/TZImagePickerController/TZImagePickerController.bundle",
			);
			name = "[CP] Copy Pods Resources";
			outputPaths = (
				"${TARGET_BUILD_DIR}/${UNLOCALIZED_RESOURCES_FOLDER_PATH}/MJRefresh.bundle",
				"${TARGET_BUILD_DIR}/${UNLOCALIZED_RESOURCES_FOLDER_PATH}/SVProgressHUD.bundle",
				"${TARGET_BUILD_DIR}/${UNLOCALIZED_RESOURCES_FOLDER_PATH}/TZImagePickerController.bundle",
			);
			runOnlyForDeploymentPostprocessing = 0;
			shellPath = /bin/sh;
			shellScript = "\"${SRCROOT}/Pods/Target Support Files/Pods-幸福云盘/Pods-幸福云盘-resources.sh\"\n";
			showEnvVarsInLog = 0;
		};
		3AB4D46047C6BB0E00613BD7 /* [CP] Check Pods Manifest.lock */ = {
			isa = PBXShellScriptBuildPhase;
			buildActionMask = 2147483647;
			files = (
			);
			inputPaths = (
				"${PODS_PODFILE_DIR_PATH}/Podfile.lock",
				"${PODS_ROOT}/Manifest.lock",
			);
			name = "[CP] Check Pods Manifest.lock";
			outputPaths = (
				"$(DERIVED_FILE_DIR)/Pods-幸福云盘-checkManifestLockResult.txt",
			);
			runOnlyForDeploymentPostprocessing = 0;
			shellPath = /bin/sh;
			shellScript = "diff \"${PODS_PODFILE_DIR_PATH}/Podfile.lock\" \"${PODS_ROOT}/Manifest.lock\" > /dev/null\nif [ $? != 0 ] ; then\n    # print error to STDERR\n    echo \"error: The sandbox is not in sync with the Podfile.lock. Run 'pod install' or update your CocoaPods installation.\" >&2\n    exit 1\nfi\n# This output is used by Xcode 'outputs' to avoid re-running this script phase.\necho \"SUCCESS\" > \"${SCRIPT_OUTPUT_FILE_0}\"\n";
			showEnvVarsInLog = 0;
		};
/* End PBXShellScriptBuildPhase section */

/* Begin PBXSourcesBuildPhase section */
		B6209E7520F4EE7D0075497C /* Sources */ = {
			isa = PBXSourcesBuildPhase;
			buildActionMask = 2147483647;
			files = (
				737FDBF120F874A600BF5090 /* UIImage+Extension.m in Sources */,
				B6FBA01120F62CE30012EFD0 /* YGStarVC.m in Sources */,
				73716C2121059C2500706C51 /* YGApiTokenTool.m in Sources */,
				73484D20210AF54000BA344B /* YGRepoTool.m in Sources */,
				73F3E7FB2117E9DB0054623F /* YGUploadListVC.m in Sources */,
				73D6120821102736006F209E /* SVProgressHUD+Extension.m in Sources */,
				B6B39B8D211682F20024682A /* YGMenuView.m in Sources */,
				B680BCEC20F8E7D200F8CB98 /* YGURLString.m in Sources */,
				B65DBDD72119F01800123E57 /* YGFileOperationView.m in Sources */,
				B6AD7A91211735C3007B6C25 /* YGTransferListBtn.m in Sources */,
				B64B3FAF2121C7810066EBE8 /* YGHeaderView.m in Sources */,
				B6AA69EA21037B05006C1BAB /* YGFileEmptyView.m in Sources */,
				73716C2221059C2500706C51 /* YGHttpTool.m in Sources */,
				B676794820F62B1400945627 /* YGLoginVC.m in Sources */,
				B6C4040B20F76F5600E95598 /* UIView+Extension.m in Sources */,
				73374F8A210184B1005BA2E9 /* YGSearchField.m in Sources */,
				B6FBA01720F62D4F0012EFD0 /* YGProfileVC.m in Sources */,
				B6209E8C20F4EE7E0075497C /* main.m in Sources */,
				B6FBA00E20F62CD10012EFD0 /* YGFileVC.m in Sources */,
				B63EF3962100D68D00C562DF /* UIButton+Extension.m in Sources */,
				B6C4040E20F7719000E95598 /* YGLoginTopView.m in Sources */,
				73F3E7FF211806200054623F /* YGDownloadCell.m in Sources */,
				73F3E8042118062E0054623F /* YGUploadCell.m in Sources */,
				B6A8E243210DF39600E5117C /* YGDirTool.m in Sources */,
				73374F8D2101B4E1005BA2E9 /* YGSubFileVC.m in Sources */,
				B6FBA01420F62D240012EFD0 /* YGTansferVC.m in Sources */,
				73F3E7F82117E9C80054623F /* YGDownloadListVC.m in Sources */,
				B6209E7E20F4EE7E0075497C /* AppDelegate.m in Sources */,
				735E268A2106B63E000DB123 /* YGFilePreviewVC.m in Sources */,
				73716C1921059B6B00706C51 /* YGMimeType.m in Sources */,
				B6DACDA2210C20BE008D164E /* NSDate+Extension.m in Sources */,
				B676793B20F629BC00945627 /* YGMainTabBarVC.m in Sources */,
				B6A8E240210DBDC800E5117C /* YGFileUnableView.m in Sources */,
				7335A0A520FD922F00F5ECF5 /* YGFileCell.m in Sources */,
				B676794120F629F000945627 /* YGTabBar.m in Sources */,
				B650EAA320FCCEA90025D1E0 /* YGApiToken.m in Sources */,
				B63EF38D2100A50000C562DF /* YGFileBaseVC.m in Sources */,
				B6C4041720F78ACF00E95598 /* YGInputView.m in Sources */,
				B676793E20F629D900945627 /* YGMainNavVC.m in Sources */,
				B641A1D420FE0A0C00FCA501 /* YGActivityIndicator.m in Sources */,
				73716C2521059C4700706C51 /* YGFileTypeTool.m in Sources */,
				B66644FE2110A504007F1630 /* YGNetworkFailedView.m in Sources */,
				B6A1E27820FA31EE009F94DF /* YGAccount.m in Sources */,
				73716C282105AA5400706C51 /* NSString+Extension.m in Sources */,
				73F3E816211842240054623F /* YGTransferModel.m in Sources */,
				B6C4041120F7719C00E95598 /* YGLoginMidView.m in Sources */,
				B6A7C4F3210F561D00C0A929 /* YGAddFolderView.m in Sources */,
				7315335421192AF20043E6C2 /* YGTransferDownloadBtn.m in Sources */,
				B641A1D120FDF69800FCA501 /* YGLoadingView.m in Sources */,
				B6595AFF2111DA9300B9D71E /* YGFileUploadView.m in Sources */,
				7335A0A220FD864500F5ECF5 /* YGFileModel.m in Sources */,
				732B81CB20FF10E8008E4C57 /* UIBarButtonItem+Extension.m in Sources */,
			);
			runOnlyForDeploymentPostprocessing = 0;
		};
/* End PBXSourcesBuildPhase section */

/* Begin XCBuildConfiguration section */
		B6209E8D20F4EE7E0075497C /* Debug */ = {
			isa = XCBuildConfiguration;
			buildSettings = {
				ALWAYS_SEARCH_USER_PATHS = NO;
				CLANG_ANALYZER_NONNULL = YES;
				CLANG_ANALYZER_NUMBER_OBJECT_CONVERSION = YES_AGGRESSIVE;
				CLANG_CXX_LANGUAGE_STANDARD = "gnu++14";
				CLANG_CXX_LIBRARY = "libc++";
				CLANG_ENABLE_MODULES = YES;
				CLANG_ENABLE_OBJC_ARC = YES;
				CLANG_WARN_BLOCK_CAPTURE_AUTORELEASING = YES;
				CLANG_WARN_BOOL_CONVERSION = YES;
				CLANG_WARN_COMMA = YES;
				CLANG_WARN_CONSTANT_CONVERSION = YES;
				CLANG_WARN_DIRECT_OBJC_ISA_USAGE = YES_ERROR;
				CLANG_WARN_DOCUMENTATION_COMMENTS = YES;
				CLANG_WARN_EMPTY_BODY = YES;
				CLANG_WARN_ENUM_CONVERSION = YES;
				CLANG_WARN_INFINITE_RECURSION = YES;
				CLANG_WARN_INT_CONVERSION = YES;
				CLANG_WARN_NON_LITERAL_NULL_CONVERSION = YES;
				CLANG_WARN_OBJC_LITERAL_CONVERSION = YES;
				CLANG_WARN_OBJC_ROOT_CLASS = YES_ERROR;
				CLANG_WARN_RANGE_LOOP_ANALYSIS = YES;
				CLANG_WARN_STRICT_PROTOTYPES = YES;
				CLANG_WARN_SUSPICIOUS_MOVE = YES;
				CLANG_WARN_UNGUARDED_AVAILABILITY = YES_AGGRESSIVE;
				CLANG_WARN_UNREACHABLE_CODE = YES;
				CLANG_WARN__DUPLICATE_METHOD_MATCH = YES;
				CODE_SIGN_IDENTITY = "iPhone Developer";
				COPY_PHASE_STRIP = NO;
				DEBUG_INFORMATION_FORMAT = dwarf;
				ENABLE_STRICT_OBJC_MSGSEND = YES;
				ENABLE_TESTABILITY = YES;
				GCC_C_LANGUAGE_STANDARD = gnu11;
				GCC_DYNAMIC_NO_PIC = NO;
				GCC_NO_COMMON_BLOCKS = YES;
				GCC_OPTIMIZATION_LEVEL = 0;
				GCC_PREPROCESSOR_DEFINITIONS = (
					"DEBUG=1",
					"$(inherited)",
				);
				GCC_WARN_64_TO_32_BIT_CONVERSION = YES;
				GCC_WARN_ABOUT_RETURN_TYPE = YES_ERROR;
				GCC_WARN_UNDECLARED_SELECTOR = YES;
				GCC_WARN_UNINITIALIZED_AUTOS = YES_AGGRESSIVE;
				GCC_WARN_UNUSED_FUNCTION = YES;
				GCC_WARN_UNUSED_VARIABLE = YES;
				IPHONEOS_DEPLOYMENT_TARGET = 11.2;
				MTL_ENABLE_DEBUG_INFO = YES;
				ONLY_ACTIVE_ARCH = YES;
				SDKROOT = iphoneos;
			};
			name = Debug;
		};
		B6209E8E20F4EE7E0075497C /* Release */ = {
			isa = XCBuildConfiguration;
			buildSettings = {
				ALWAYS_SEARCH_USER_PATHS = NO;
				CLANG_ANALYZER_NONNULL = YES;
				CLANG_ANALYZER_NUMBER_OBJECT_CONVERSION = YES_AGGRESSIVE;
				CLANG_CXX_LANGUAGE_STANDARD = "gnu++14";
				CLANG_CXX_LIBRARY = "libc++";
				CLANG_ENABLE_MODULES = YES;
				CLANG_ENABLE_OBJC_ARC = YES;
				CLANG_WARN_BLOCK_CAPTURE_AUTORELEASING = YES;
				CLANG_WARN_BOOL_CONVERSION = YES;
				CLANG_WARN_COMMA = YES;
				CLANG_WARN_CONSTANT_CONVERSION = YES;
				CLANG_WARN_DIRECT_OBJC_ISA_USAGE = YES_ERROR;
				CLANG_WARN_DOCUMENTATION_COMMENTS = YES;
				CLANG_WARN_EMPTY_BODY = YES;
				CLANG_WARN_ENUM_CONVERSION = YES;
				CLANG_WARN_INFINITE_RECURSION = YES;
				CLANG_WARN_INT_CONVERSION = YES;
				CLANG_WARN_NON_LITERAL_NULL_CONVERSION = YES;
				CLANG_WARN_OBJC_LITERAL_CONVERSION = YES;
				CLANG_WARN_OBJC_ROOT_CLASS = YES_ERROR;
				CLANG_WARN_RANGE_LOOP_ANALYSIS = YES;
				CLANG_WARN_STRICT_PROTOTYPES = YES;
				CLANG_WARN_SUSPICIOUS_MOVE = YES;
				CLANG_WARN_UNGUARDED_AVAILABILITY = YES_AGGRESSIVE;
				CLANG_WARN_UNREACHABLE_CODE = YES;
				CLANG_WARN__DUPLICATE_METHOD_MATCH = YES;
				CODE_SIGN_IDENTITY = "iPhone Developer";
				COPY_PHASE_STRIP = NO;
				DEBUG_INFORMATION_FORMAT = "dwarf-with-dsym";
				ENABLE_NS_ASSERTIONS = NO;
				ENABLE_STRICT_OBJC_MSGSEND = YES;
				GCC_C_LANGUAGE_STANDARD = gnu11;
				GCC_NO_COMMON_BLOCKS = YES;
				GCC_WARN_64_TO_32_BIT_CONVERSION = YES;
				GCC_WARN_ABOUT_RETURN_TYPE = YES_ERROR;
				GCC_WARN_UNDECLARED_SELECTOR = YES;
				GCC_WARN_UNINITIALIZED_AUTOS = YES_AGGRESSIVE;
				GCC_WARN_UNUSED_FUNCTION = YES;
				GCC_WARN_UNUSED_VARIABLE = YES;
				IPHONEOS_DEPLOYMENT_TARGET = 11.2;
				MTL_ENABLE_DEBUG_INFO = NO;
				SDKROOT = iphoneos;
				VALIDATE_PRODUCT = YES;
			};
			name = Release;
		};
		B6209E9020F4EE7E0075497C /* Debug */ = {
			isa = XCBuildConfiguration;
			baseConfigurationReference = 24356D3E799840F6B9E6A5BF /* Pods-幸福云盘.debug.xcconfig */;
			buildSettings = {
				ASSETCATALOG_COMPILER_APPICON_NAME = AppIcon;
				ASSETCATALOG_COMPILER_LAUNCHIMAGE_NAME = LaunchImage;
				"CODE_SIGN_IDENTITY[sdk=iphoneos*]" = "iPhone Developer";
				CODE_SIGN_STYLE = Automatic;
				DEVELOPMENT_TEAM = Z9P6Y5VLB6;
				GCC_PREFIX_HEADER = "$SRCROOT/幸福云盘/幸福云盘-Prefix.pch";
				INFOPLIST_FILE = "幸福云盘/Info.plist";
				IPHONEOS_DEPLOYMENT_TARGET = 9.1;
				LD_RUNPATH_SEARCH_PATHS = "$(inherited) @executable_path/Frameworks";
				PRODUCT_BUNDLE_IDENTIFIER = "com.yglee.----";
				PRODUCT_NAME = "$(TARGET_NAME)";
				PROVISIONING_PROFILE = "";
				PROVISIONING_PROFILE_SPECIFIER = "";
				TARGETED_DEVICE_FAMILY = 1;
			};
			name = Debug;
		};
		B6209E9120F4EE7E0075497C /* Release */ = {
			isa = XCBuildConfiguration;
			baseConfigurationReference = B84F913ECE58C483A85F0724 /* Pods-幸福云盘.release.xcconfig */;
			buildSettings = {
				ASSETCATALOG_COMPILER_APPICON_NAME = AppIcon;
				ASSETCATALOG_COMPILER_LAUNCHIMAGE_NAME = LaunchImage;
				"CODE_SIGN_IDENTITY[sdk=iphoneos*]" = "iPhone Developer";
				CODE_SIGN_STYLE = Automatic;
				DEVELOPMENT_TEAM = Z9P6Y5VLB6;
				GCC_PREFIX_HEADER = "$SRCROOT/幸福云盘/幸福云盘-Prefix.pch";
				INFOPLIST_FILE = "幸福云盘/Info.plist";
				IPHONEOS_DEPLOYMENT_TARGET = 9.1;
				LD_RUNPATH_SEARCH_PATHS = "$(inherited) @executable_path/Frameworks";
				PRODUCT_BUNDLE_IDENTIFIER = "com.yglee.----";
				PRODUCT_NAME = "$(TARGET_NAME)";
				PROVISIONING_PROFILE = "";
				PROVISIONING_PROFILE_SPECIFIER = "";
				TARGETED_DEVICE_FAMILY = 1;
			};
			name = Release;
		};
/* End XCBuildConfiguration section */

/* Begin XCConfigurationList section */
		B6209E7420F4EE7D0075497C /* Build configuration list for PBXProject "幸福云盘" */ = {
			isa = XCConfigurationList;
			buildConfigurations = (
				B6209E8D20F4EE7E0075497C /* Debug */,
				B6209E8E20F4EE7E0075497C /* Release */,
			);
			defaultConfigurationIsVisible = 0;
			defaultConfigurationName = Release;
		};
		B6209E8F20F4EE7E0075497C /* Build configuration list for PBXNativeTarget "幸福云盘" */ = {
			isa = XCConfigurationList;
			buildConfigurations = (
				B6209E9020F4EE7E0075497C /* Debug */,
				B6209E9120F4EE7E0075497C /* Release */,
			);
			defaultConfigurationIsVisible = 0;
			defaultConfigurationName = Release;
		};
/* End XCConfigurationList section */
	};
	rootObject = B6209E7120F4EE7D0075497C /* Project object */;
}
